PODS:
  - AtmosplayAds (3.0.0)
  - MoPub-AtmosplayAds-Adapters (3.0.0):
    - AtmosplayAds (~> 3.0.0)
    - mopub-ios-sdk
  - mopub-ios-sdk (5.10.0):
    - mopub-ios-sdk/MoPubSDK (= 5.10.0)
  - mopub-ios-sdk/Avid (5.10.0):
    - mopub-ios-sdk/Core
  - mopub-ios-sdk/Core (5.10.0)
  - mopub-ios-sdk/Moat (5.10.0):
    - mopub-ios-sdk/Core
  - mopub-ios-sdk/MoPubSDK (5.10.0):
    - mopub-ios-sdk/Avid
    - mopub-ios-sdk/Core
    - mopub-ios-sdk/Moat

DEPENDENCIES:
  - MoPub-AtmosplayAds-Adapters (from `./MoPub-AtmosplayAds-Adapters.podspec`)

SPEC REPOS:
  https://github.com/CocoaPods/Specs.git:
    - AtmosplayAds
    - mopub-ios-sdk

EXTERNAL SOURCES:
  MoPub-AtmosplayAds-Adapters:
    :path: "./MoPub-AtmosplayAds-Adapters.podspec"

SPEC CHECKSUMS:
  AtmosplayAds: 1391ac3062e39045b98a82e0ff7fb2b6b7841956
  MoPub-AtmosplayAds-Adapters: 9a4590d92a3819497ded3a3df6063d239f9f4b56
  mopub-ios-sdk: 3d65133b95b6498aa871a66818a11a5ba307e565

PODFILE CHECKSUM: 8df4f10f4015c7b34580f7520e00cce77a6a3b5d

COCOAPODS: 1.8.4
